
Microsoft Visual Studio Solution File, Format Version 12.00
# Visual Studio Version 17
VisualStudioVersion = 17.2.32630.192
MinimumVisualStudioVersion = 10.0.40219.1
Project("{FAE04EC0-301F-11D3-BF4B-00C04F79EFBC}") = "Proyecto27", "Proyecto27\Proyecto27.csproj", "{D11E709C-6BC0-428C-BD8E-697D3B26B81E}"
EndProject
Global
	GlobalSection(SolutionConfigurationPlatforms) = preSolution
		Debug|Any CPU = Debug|Any CPU
		Release|Any CPU = Release|Any CPU
	EndGlobalSection
	GlobalSection(ProjectConfigurationPlatforms) = postSolution
		{D11E709C-6BC0-428C-BD8E-697D3B26B81E}.Debug|Any CPU.ActiveCfg = Debug|Any CPU
		{D11E709C-6BC0-428C-BD8E-697D3B26B81E}.Debug|Any CPU.Build.0 = Debug|Any CPU
		{D11E709C-6BC0-428C-BD8E-697D3B26B81E}.Release|Any CPU.ActiveCfg = Release|Any CPU
		{D11E709C-6BC0-428C-BD8E-697D3B26B81E}.Release|Any CPU.Build.0 = Release|Any CPU
	EndGlobalSection
	GlobalSection(SolutionProperties) = preSolution
		HideSolutionNode = FALSE
	EndGlobalSection
	GlobalSection(ExtensibilityGlobals) = postSolution
		SolutionGuid = {15034BB7-C672-4F99-B555-68981382A2C4}
	EndGlobalSection
EndGlobal
