
Microsoft Visual Studio Solution File, Format Version 12.00
# Visual Studio Version 17
VisualStudioVersion = 17.2.32630.192
MinimumVisualStudioVersion = 10.0.40219.1
Project("{FAE04EC0-301F-11D3-BF4B-00C04F79EFBC}") = "Proyecto22", "Proyecto22\Proyecto22.csproj", "{FCDDE5FA-0E89-41A8-9255-9066AFDCDA17}"
EndProject
Global
	GlobalSection(SolutionConfigurationPlatforms) = preSolution
		Debug|Any CPU = Debug|Any CPU
		Release|Any CPU = Release|Any CPU
	EndGlobalSection
	GlobalSection(ProjectConfigurationPlatforms) = postSolution
		{FCDDE5FA-0E89-41A8-9255-9066AFDCDA17}.Debug|Any CPU.ActiveCfg = Debug|Any CPU
		{FCDDE5FA-0E89-41A8-9255-9066AFDCDA17}.Debug|Any CPU.Build.0 = Debug|Any CPU
		{FCDDE5FA-0E89-41A8-9255-9066AFDCDA17}.Release|Any CPU.ActiveCfg = Release|Any CPU
		{FCDDE5FA-0E89-41A8-9255-9066AFDCDA17}.Release|Any CPU.Build.0 = Release|Any CPU
	EndGlobalSection
	GlobalSection(SolutionProperties) = preSolution
		HideSolutionNode = FALSE
	EndGlobalSection
	GlobalSection(ExtensibilityGlobals) = postSolution
		SolutionGuid = {0CDC4E21-5899-499E-A5CA-FDB815ECFEAB}
	EndGlobalSection
EndGlobal
