
Microsoft Visual Studio Solution File, Format Version 12.00
# Visual Studio Version 17
VisualStudioVersion = 17.2.32630.192
MinimumVisualStudioVersion = 10.0.40219.1
Project("{FAE04EC0-301F-11D3-BF4B-00C04F79EFBC}") = "Aplicacion4", "Aplicacion4\Aplicacion4.csproj", "{4C8AC852-3C74-4817-9EDE-7BF9DE8E2C0C}"
EndProject
Global
	GlobalSection(SolutionConfigurationPlatforms) = preSolution
		Debug|Any CPU = Debug|Any CPU
		Release|Any CPU = Release|Any CPU
	EndGlobalSection
	GlobalSection(ProjectConfigurationPlatforms) = postSolution
		{4C8AC852-3C74-4817-9EDE-7BF9DE8E2C0C}.Debug|Any CPU.ActiveCfg = Debug|Any CPU
		{4C8AC852-3C74-4817-9EDE-7BF9DE8E2C0C}.Debug|Any CPU.Build.0 = Debug|Any CPU
		{4C8AC852-3C74-4817-9EDE-7BF9DE8E2C0C}.Release|Any CPU.ActiveCfg = Release|Any CPU
		{4C8AC852-3C74-4817-9EDE-7BF9DE8E2C0C}.Release|Any CPU.Build.0 = Release|Any CPU
	EndGlobalSection
	GlobalSection(SolutionProperties) = preSolution
		HideSolutionNode = FALSE
	EndGlobalSection
	GlobalSection(ExtensibilityGlobals) = postSolution
		SolutionGuid = {897597CB-F7A8-4F71-992D-03BAA6091B89}
	EndGlobalSection
EndGlobal
