
Microsoft Visual Studio Solution File, Format Version 12.00
# Visual Studio Version 17
VisualStudioVersion = 17.2.32630.192
MinimumVisualStudioVersion = 10.0.40219.1
Project("{FAE04EC0-301F-11D3-BF4B-00C04F79EFBC}") = "Proyecto1", "Proyecto1\Proyecto1.csproj", "{1FDE8F63-9933-4BDF-B750-A5E40A985325}"
EndProject
Global
	GlobalSection(SolutionConfigurationPlatforms) = preSolution
		Debug|Any CPU = Debug|Any CPU
		Release|Any CPU = Release|Any CPU
	EndGlobalSection
	GlobalSection(ProjectConfigurationPlatforms) = postSolution
		{1FDE8F63-9933-4BDF-B750-A5E40A985325}.Debug|Any CPU.ActiveCfg = Debug|Any CPU
		{1FDE8F63-9933-4BDF-B750-A5E40A985325}.Debug|Any CPU.Build.0 = Debug|Any CPU
		{1FDE8F63-9933-4BDF-B750-A5E40A985325}.Release|Any CPU.ActiveCfg = Release|Any CPU
		{1FDE8F63-9933-4BDF-B750-A5E40A985325}.Release|Any CPU.Build.0 = Release|Any CPU
	EndGlobalSection
	GlobalSection(SolutionProperties) = preSolution
		HideSolutionNode = FALSE
	EndGlobalSection
	GlobalSection(ExtensibilityGlobals) = postSolution
		SolutionGuid = {1E494820-4664-432F-9CDB-54FEEB69EC25}
	EndGlobalSection
EndGlobal
