
Microsoft Visual Studio Solution File, Format Version 12.00
# Visual Studio Version 17
VisualStudioVersion = 17.2.32630.192
MinimumVisualStudioVersion = 10.0.40219.1
Project("{FAE04EC0-301F-11D3-BF4B-00C04F79EFBC}") = "WindowsFormsApp7", "WindowsFormsApp7\WindowsFormsApp7.csproj", "{BE2731F5-529E-474B-8EFC-C656E445A87C}"
EndProject
Global
	GlobalSection(SolutionConfigurationPlatforms) = preSolution
		Debug|Any CPU = Debug|Any CPU
		Release|Any CPU = Release|Any CPU
	EndGlobalSection
	GlobalSection(ProjectConfigurationPlatforms) = postSolution
		{BE2731F5-529E-474B-8EFC-C656E445A87C}.Debug|Any CPU.ActiveCfg = Debug|Any CPU
		{BE2731F5-529E-474B-8EFC-C656E445A87C}.Debug|Any CPU.Build.0 = Debug|Any CPU
		{BE2731F5-529E-474B-8EFC-C656E445A87C}.Release|Any CPU.ActiveCfg = Release|Any CPU
		{BE2731F5-529E-474B-8EFC-C656E445A87C}.Release|Any CPU.Build.0 = Release|Any CPU
	EndGlobalSection
	GlobalSection(SolutionProperties) = preSolution
		HideSolutionNode = FALSE
	EndGlobalSection
	GlobalSection(ExtensibilityGlobals) = postSolution
		SolutionGuid = {ACE35181-9406-4047-B40F-DC4C113AAC53}
	EndGlobalSection
EndGlobal
