
Microsoft Visual Studio Solution File, Format Version 12.00
# Visual Studio Version 17
VisualStudioVersion = 17.2.32630.192
MinimumVisualStudioVersion = 10.0.40219.1
Project("{FAE04EC0-301F-11D3-BF4B-00C04F79EFBC}") = "Proyecto18", "Proyecto18\Proyecto18.csproj", "{97765621-8DF9-44CF-BAC9-46994859975F}"
EndProject
Global
	GlobalSection(SolutionConfigurationPlatforms) = preSolution
		Debug|Any CPU = Debug|Any CPU
		Release|Any CPU = Release|Any CPU
	EndGlobalSection
	GlobalSection(ProjectConfigurationPlatforms) = postSolution
		{97765621-8DF9-44CF-BAC9-46994859975F}.Debug|Any CPU.ActiveCfg = Debug|Any CPU
		{97765621-8DF9-44CF-BAC9-46994859975F}.Debug|Any CPU.Build.0 = Debug|Any CPU
		{97765621-8DF9-44CF-BAC9-46994859975F}.Release|Any CPU.ActiveCfg = Release|Any CPU
		{97765621-8DF9-44CF-BAC9-46994859975F}.Release|Any CPU.Build.0 = Release|Any CPU
	EndGlobalSection
	GlobalSection(SolutionProperties) = preSolution
		HideSolutionNode = FALSE
	EndGlobalSection
	GlobalSection(ExtensibilityGlobals) = postSolution
		SolutionGuid = {D29F39C3-A35A-441E-915A-C434ED77B8E9}
	EndGlobalSection
EndGlobal
