
Microsoft Visual Studio Solution File, Format Version 12.00
# Visual Studio Version 17
VisualStudioVersion = 17.2.32630.192
MinimumVisualStudioVersion = 10.0.40219.1
Project("{FAE04EC0-301F-11D3-BF4B-00C04F79EFBC}") = "Proyecto32", "Proyecto32\Proyecto32.csproj", "{CBA881D6-EA22-4B57-8AE9-3719432C0BD1}"
EndProject
Global
	GlobalSection(SolutionConfigurationPlatforms) = preSolution
		Debug|Any CPU = Debug|Any CPU
		Release|Any CPU = Release|Any CPU
	EndGlobalSection
	GlobalSection(ProjectConfigurationPlatforms) = postSolution
		{CBA881D6-EA22-4B57-8AE9-3719432C0BD1}.Debug|Any CPU.ActiveCfg = Debug|Any CPU
		{CBA881D6-EA22-4B57-8AE9-3719432C0BD1}.Debug|Any CPU.Build.0 = Debug|Any CPU
		{CBA881D6-EA22-4B57-8AE9-3719432C0BD1}.Release|Any CPU.ActiveCfg = Release|Any CPU
		{CBA881D6-EA22-4B57-8AE9-3719432C0BD1}.Release|Any CPU.Build.0 = Release|Any CPU
	EndGlobalSection
	GlobalSection(SolutionProperties) = preSolution
		HideSolutionNode = FALSE
	EndGlobalSection
	GlobalSection(ExtensibilityGlobals) = postSolution
		SolutionGuid = {28775624-42A2-418C-9D2B-35B28BCBAC74}
	EndGlobalSection
EndGlobal
