
Microsoft Visual Studio Solution File, Format Version 12.00
# Visual Studio Version 17
VisualStudioVersion = 17.2.32630.192
MinimumVisualStudioVersion = 10.0.40219.1
Project("{FAE04EC0-301F-11D3-BF4B-00C04F79EFBC}") = "Proyecto6", "Proyecto6\Proyecto6.csproj", "{5FD92766-9B0A-4972-8E74-C40E4228E41C}"
EndProject
Global
	GlobalSection(SolutionConfigurationPlatforms) = preSolution
		Debug|Any CPU = Debug|Any CPU
		Release|Any CPU = Release|Any CPU
	EndGlobalSection
	GlobalSection(ProjectConfigurationPlatforms) = postSolution
		{5FD92766-9B0A-4972-8E74-C40E4228E41C}.Debug|Any CPU.ActiveCfg = Debug|Any CPU
		{5FD92766-9B0A-4972-8E74-C40E4228E41C}.Debug|Any CPU.Build.0 = Debug|Any CPU
		{5FD92766-9B0A-4972-8E74-C40E4228E41C}.Release|Any CPU.ActiveCfg = Release|Any CPU
		{5FD92766-9B0A-4972-8E74-C40E4228E41C}.Release|Any CPU.Build.0 = Release|Any CPU
	EndGlobalSection
	GlobalSection(SolutionProperties) = preSolution
		HideSolutionNode = FALSE
	EndGlobalSection
	GlobalSection(ExtensibilityGlobals) = postSolution
		SolutionGuid = {FFA4314A-CAEF-432A-AAC2-D990B33CBF83}
	EndGlobalSection
EndGlobal
