
Microsoft Visual Studio Solution File, Format Version 12.00
# Visual Studio Version 17
VisualStudioVersion = 17.2.32630.192
MinimumVisualStudioVersion = 10.0.40219.1
Project("{FAE04EC0-301F-11D3-BF4B-00C04F79EFBC}") = "WinFormsApp2", "WinFormsApp2\WinFormsApp2.csproj", "{D410644D-8170-4AE1-90E9-9D4CD100093D}"
EndProject
Global
	GlobalSection(SolutionConfigurationPlatforms) = preSolution
		Debug|Any CPU = Debug|Any CPU
		Release|Any CPU = Release|Any CPU
	EndGlobalSection
	GlobalSection(ProjectConfigurationPlatforms) = postSolution
		{D410644D-8170-4AE1-90E9-9D4CD100093D}.Debug|Any CPU.ActiveCfg = Debug|Any CPU
		{D410644D-8170-4AE1-90E9-9D4CD100093D}.Debug|Any CPU.Build.0 = Debug|Any CPU
		{D410644D-8170-4AE1-90E9-9D4CD100093D}.Release|Any CPU.ActiveCfg = Release|Any CPU
		{D410644D-8170-4AE1-90E9-9D4CD100093D}.Release|Any CPU.Build.0 = Release|Any CPU
	EndGlobalSection
	GlobalSection(SolutionProperties) = preSolution
		HideSolutionNode = FALSE
	EndGlobalSection
	GlobalSection(ExtensibilityGlobals) = postSolution
		SolutionGuid = {911EAAC3-0D36-45C5-8C91-515446DF53B4}
	EndGlobalSection
EndGlobal
