
Microsoft Visual Studio Solution File, Format Version 12.00
# Visual Studio Version 17
VisualStudioVersion = 17.2.32630.192
MinimumVisualStudioVersion = 10.0.40219.1
Project("{FAE04EC0-301F-11D3-BF4B-00C04F79EFBC}") = "Proyecto28", "Proyecto28\Proyecto28.csproj", "{37B2AB81-0298-41E3-909F-769E0346EDD7}"
EndProject
Global
	GlobalSection(SolutionConfigurationPlatforms) = preSolution
		Debug|Any CPU = Debug|Any CPU
		Release|Any CPU = Release|Any CPU
	EndGlobalSection
	GlobalSection(ProjectConfigurationPlatforms) = postSolution
		{37B2AB81-0298-41E3-909F-769E0346EDD7}.Debug|Any CPU.ActiveCfg = Debug|Any CPU
		{37B2AB81-0298-41E3-909F-769E0346EDD7}.Debug|Any CPU.Build.0 = Debug|Any CPU
		{37B2AB81-0298-41E3-909F-769E0346EDD7}.Release|Any CPU.ActiveCfg = Release|Any CPU
		{37B2AB81-0298-41E3-909F-769E0346EDD7}.Release|Any CPU.Build.0 = Release|Any CPU
	EndGlobalSection
	GlobalSection(SolutionProperties) = preSolution
		HideSolutionNode = FALSE
	EndGlobalSection
	GlobalSection(ExtensibilityGlobals) = postSolution
		SolutionGuid = {2D9F1033-1CC1-4A40-8A8C-8278F54FBCD5}
	EndGlobalSection
EndGlobal
